// !$*UTF8*$!
{
	archiveVersion = 1;
	classes = {
	};
	objectVersion = 46;
	objects = {

/* Begin PBXBuildFile section */
		8BD7FB2E1B43F9BA000CC04B /* main.m in Sources */ = {isa = PBXBuildFile; fileRef = 8BD7FB2D1B43F9BA000CC04B /* main.m */; };
		8BD7FB311B43F9BA000CC04B /* AppDelegate.m in Sources */ = {isa = PBXBuildFile; fileRef = 8BD7FB301B43F9BA000CC04B /* AppDelegate.m */; };
		8BD7FB341B43F9BA000CC04B /* ReposViewController.m in Sources */ = {isa = PBXBuildFile; fileRef = 8BD7FB331B43F9BA000CC04B /* ReposViewController.m */; };
		8BD7FB3A1B43F9BA000CC04B /* Main.storyboard in Resources */ = {isa = PBXBuildFile; fileRef = 8BD7FB381B43F9BA000CC04B /* Main.storyboard */; };
		8BD7FB3C1B43F9BA000CC04B /* Images.xcassets in Resources */ = {isa = PBXBuildFile; fileRef = 8BD7FB3B1B43F9BA000CC04B /* Images.xcassets */; };
		8BD7FB3F1B43F9BA000CC04B /* LaunchScreen.xib in Resources */ = {isa = PBXBuildFile; fileRef = 8BD7FB3D1B43F9BA000CC04B /* LaunchScreen.xib */; };
		8BD7FB4B1B43F9BA000CC04B /* GitwheelTests.m in Sources */ = {isa = PBXBuildFile; fileRef = 8BD7FB4A1B43F9BA000CC04B /* GitwheelTests.m */; };
		8BD7FB561B43FB34000CC04B /* ForksViewController.m in Sources */ = {isa = PBXBuildFile; fileRef = 8BD7FB551B43FB34000CC04B /* ForksViewController.m */; };
		8BD7FB591B443415000CC04B /* Repo.m in Sources */ = {isa = PBXBuildFile; fileRef = 8BD7FB581B443415000CC04B /* Repo.m */; };
/* End PBXBuildFile section */

/* Begin PBXContainerItemProxy section */
		8BD7FB451B43F9BA000CC04B /* PBXContainerItemProxy */ = {
			isa = PBXContainerItemProxy;
			containerPortal = 8BD7FB201B43F9BA000CC04B /* Project object */;
			proxyType = 1;
			remoteGlobalIDString = 8BD7FB271B43F9BA000CC04B;
			remoteInfo = Gitwheel;
		};
/* End PBXContainerItemProxy section */

/* Begin PBXFileReference section */
		8BD7FB281B43F9BA000CC04B /* Gitwheel.app */ = {isa = PBXFileReference; explicitFileType = wrapper.application; includeInIndex = 0; path = Gitwheel.app; sourceTree = BUILT_PRODUCTS_DIR; };
		8BD7FB2C1B43F9BA000CC04B /* Info.plist */ = {isa = PBXFileReference; lastKnownFileType = text.plist.xml; path = Info.plist; sourceTree = "<group>"; };
		8BD7FB2D1B43F9BA000CC04B /* main.m */ = {isa = PBXFileReference; lastKnownFileType = sourcecode.c.objc; path = main.m; sourceTree = "<group>"; };
		8BD7FB2F1B43F9BA000CC04B /* AppDelegate.h */ = {isa = PBXFileReference; lastKnownFileType = sourcecode.c.h; path = AppDelegate.h; sourceTree = "<group>"; };
		8BD7FB301B43F9BA000CC04B /* AppDelegate.m */ = {isa = PBXFileReference; lastKnownFileType = sourcecode.c.objc; path = AppDelegate.m; sourceTree = "<group>"; };
		8BD7FB321B43F9BA000CC04B /* ReposViewController.h */ = {isa = PBXFileReference; lastKnownFileType = sourcecode.c.h; path = ReposViewController.h; sourceTree = "<group>"; };
		8BD7FB331B43F9BA000CC04B /* ReposViewController.m */ = {isa = PBXFileReference; lastKnownFileType = sourcecode.c.objc; path = ReposViewController.m; sourceTree = "<group>"; };
		8BD7FB391B43F9BA000CC04B /* Base */ = {isa = PBXFileReference; lastKnownFileType = file.storyboard; name = Base; path = Base.lproj/Main.storyboard; sourceTree = "<group>"; };
		8BD7FB3B1B43F9BA000CC04B /* Images.xcassets */ = {isa = PBXFileReference; lastKnownFileType = folder.assetcatalog; path = Images.xcassets; sourceTree = "<group>"; };
		8BD7FB3E1B43F9BA000CC04B /* Base */ = {isa = PBXFileReference; lastKnownFileType = file.xib; name = Base; path = Base.lproj/LaunchScreen.xib; sourceTree = "<group>"; };
		8BD7FB441B43F9BA000CC04B /* GitwheelTests.xctest */ = {isa = PBXFileReference; explicitFileType = wrapper.cfbundle; includeInIndex = 0; path = GitwheelTests.xctest; sourceTree = BUILT_PRODUCTS_DIR; };
		8BD7FB491B43F9BA000CC04B /* Info.plist */ = {isa = PBXFileReference; lastKnownFileType = text.plist.xml; path = Info.plist; sourceTree = "<group>"; };
		8BD7FB4A1B43F9BA000CC04B /* GitwheelTests.m */ = {isa = PBXFileReference; lastKnownFileType = sourcecode.c.objc; path = GitwheelTests.m; sourceTree = "<group>"; };
		8BD7FB541B43FB34000CC04B /* ForksViewController.h */ = {isa = PBXFileReference; fileEncoding = 4; lastKnownFileType = sourcecode.c.h; path = ForksViewController.h; sourceTree = "<group>"; };
		8BD7FB551B43FB34000CC04B /* ForksViewController.m */ = {isa = PBXFileReference; fileEncoding = 4; lastKnownFileType = sourcecode.c.objc; path = ForksViewController.m; sourceTree = "<group>"; };
		8BD7FB571B443415000CC04B /* Repo.h */ = {isa = PBXFileReference; fileEncoding = 4; lastKnownFileType = sourcecode.c.h; path = Repo.h; sourceTree = "<group>"; };
		8BD7FB581B443415000CC04B /* Repo.m */ = {isa = PBXFileReference; fileEncoding = 4; lastKnownFileType = sourcecode.c.objc; path = Repo.m; sourceTree = "<group>"; };
/* End PBXFileReference section */

/* Begin PBXFrameworksBuildPhase section */
		8BD7FB251B43F9BA000CC04B /* Frameworks */ = {
			isa = PBXFrameworksBuildPhase;
			buildActionMask = 2147483647;
			files = (
			);
			runOnlyForDeploymentPostprocessing = 0;
		};
		8BD7FB411B43F9BA000CC04B /* Frameworks */ = {
			isa = PBXFrameworksBuildPhase;
			buildActionMask = 2147483647;
			files = (
			);
			runOnlyForDeploymentPostprocessing = 0;
		};
/* End PBXFrameworksBuildPhase section */

/* Begin PBXGroup section */
		8BD7FB1F1B43F9BA000CC04B = {
			isa = PBXGroup;
			children = (
				8BD7FB2A1B43F9BA000CC04B /* Gitwheel */,
				8BD7FB471B43F9BA000CC04B /* GitwheelTests */,
				8BD7FB291B43F9BA000CC04B /* Products */,
			);
			sourceTree = "<group>";
		};
		8BD7FB291B43F9BA000CC04B /* Products */ = {
			isa = PBXGroup;
			children = (
				8BD7FB281B43F9BA000CC04B /* Gitwheel.app */,
				8BD7FB441B43F9BA000CC04B /* GitwheelTests.xctest */,
			);
			name = Products;
			sourceTree = "<group>";
		};
		8BD7FB2A1B43F9BA000CC04B /* Gitwheel */ = {
			isa = PBXGroup;
			children = (
				8BD7FB2F1B43F9BA000CC04B /* AppDelegate.h */,
				8BD7FB301B43F9BA000CC04B /* AppDelegate.m */,
				8BD7FB321B43F9BA000CC04B /* ReposViewController.h */,
				8BD7FB331B43F9BA000CC04B /* ReposViewController.m */,
				8BD7FB541B43FB34000CC04B /* ForksViewController.h */,
				8BD7FB551B43FB34000CC04B /* ForksViewController.m */,
				8BD7FB571B443415000CC04B /* Repo.h */,
				8BD7FB581B443415000CC04B /* Repo.m */,
				8BD7FB381B43F9BA000CC04B /* Main.storyboard */,
				8BD7FB3B1B43F9BA000CC04B /* Images.xcassets */,
				8BD7FB3D1B43F9BA000CC04B /* LaunchScreen.xib */,
				8BD7FB2B1B43F9BA000CC04B /* Supporting Files */,
			);
			path = Gitwheel;
			sourceTree = "<group>";
		};
		8BD7FB2B1B43F9BA000CC04B /* Supporting Files */ = {
			isa = PBXGroup;
			children = (
				8BD7FB2C1B43F9BA000CC04B /* Info.plist */,
				8BD7FB2D1B43F9BA000CC04B /* main.m */,
			);
			name = "Supporting Files";
			sourceTree = "<group>";
		};
		8BD7FB471B43F9BA000CC04B /* GitwheelTests */ = {
			isa = PBXGroup;
			children = (
				8BD7FB4A1B43F9BA000CC04B /* GitwheelTests.m */,
				8BD7FB481B43F9BA000CC04B /* Supporting Files */,
			);
			path = GitwheelTests;
			sourceTree = "<group>";
		};
		8BD7FB481B43F9BA000CC04B /* Supporting Files */ = {
			isa = PBXGroup;
			children = (
				8BD7FB491B43F9BA000CC04B /* Info.plist */,
			);
			name = "Supporting Files";
			sourceTree = "<group>";
		};
/* End PBXGroup section */

/* Begin PBXNativeTarget section */
		8BD7FB271B43F9BA000CC04B /* Gitwheel */ = {
			isa = PBXNativeTarget;
			buildConfigurationList = 8BD7FB4E1B43F9BA000CC04B /* Build configuration list for PBXNativeTarget "Gitwheel" */;
			buildPhases = (
				8BD7FB241B43F9BA000CC04B /* Sources */,
				8BD7FB251B43F9BA000CC04B /* Frameworks */,
				8BD7FB261B43F9BA000CC04B /* Resources */,
			);
			buildRules = (
			);
			dependencies = (
			);
			name = Gitwheel;
			productName = Gitwheel;
			productReference = 8BD7FB281B43F9BA000CC04B /* Gitwheel.app */;
			productType = "com.apple.product-type.application";
		};
		8BD7FB431B43F9BA000CC04B /* GitwheelTests */ = {
			isa = PBXNativeTarget;
			buildConfigurationList = 8BD7FB511B43F9BA000CC04B /* Build configuration list for PBXNativeTarget "GitwheelTests" */;
			buildPhases = (
				8BD7FB401B43F9BA000CC04B /* Sources */,
				8BD7FB411B43F9BA000CC04B /* Frameworks */,
				8BD7FB421B43F9BA000CC04B /* Resources */,
			);
			buildRules = (
			);
			dependencies = (
				8BD7FB461B43F9BA000CC04B /* PBXTargetDependency */,
			);
			name = GitwheelTests;
			productName = GitwheelTests;
			productReference = 8BD7FB441B43F9BA000CC04B /* GitwheelTests.xctest */;
			productType = "com.apple.product-type.bundle.unit-test";
		};
/* End PBXNativeTarget section */

/* Begin PBXProject section */
		8BD7FB201B43F9BA000CC04B /* Project object */ = {
			isa = PBXProject;
			attributes = {
				LastUpgradeCheck = 0630;
				ORGANIZATIONNAME = "Cory Alder";
				TargetAttributes = {
					8BD7FB271B43F9BA000CC04B = {
						CreatedOnToolsVersion = 6.3.2;
					};
					8BD7FB431B43F9BA000CC04B = {
						CreatedOnToolsVersion = 6.3.2;
						TestTargetID = 8BD7FB271B43F9BA000CC04B;
					};
				};
			};
			buildConfigurationList = 8BD7FB231B43F9BA000CC04B /* Build configuration list for PBXProject "Gitwheel" */;
			compatibilityVersion = "Xcode 3.2";
			developmentRegion = English;
			hasScannedForEncodings = 0;
			knownRegions = (
				en,
				Base,
			);
			mainGroup = 8BD7FB1F1B43F9BA000CC04B;
			productRefGroup = 8BD7FB291B43F9BA000CC04B /* Products */;
			projectDirPath = "";
			projectRoot = "";
			targets = (
				8BD7FB271B43F9BA000CC04B /* Gitwheel */,
				8BD7FB431B43F9BA000CC04B /* GitwheelTests */,
			);
		};
/* End PBXProject section */

/* Begin PBXResourcesBuildPhase section */
		8BD7FB261B43F9BA000CC04B /* Resources */ = {
			isa = PBXResourcesBuildPhase;
			buildActionMask = 2147483647;
			files = (
				8BD7FB3A1B43F9BA000CC04B /* Main.storyboard in Resources */,
				8BD7FB3F1B43F9BA000CC04B /* LaunchScreen.xib in Resources */,
				8BD7FB3C1B43F9BA000CC04B /* Images.xcassets in Resources */,
			);
			runOnlyForDeploymentPostprocessing = 0;
		};
		8BD7FB421B43F9BA000CC04B /* Resources */ = {
			isa = PBXResourcesBuildPhase;
			buildActionMask = 2147483647;
			files = (
			);
			runOnlyForDeploymentPostprocessing = 0;
		};
/* End PBXResourcesBuildPhase section */

/* Begin PBXSourcesBuildPhase section */
		8BD7FB241B43F9BA000CC04B /* Sources */ = {
			isa = PBXSourcesBuildPhase;
			buildActionMask = 2147483647;
			files = (
				8BD7FB591B443415000CC04B /* Repo.m in Sources */,
				8BD7FB561B43FB34000CC04B /* ForksViewController.m in Sources */,
				8BD7FB311B43F9BA000CC04B /* AppDelegate.m in Sources */,
				8BD7FB341B43F9BA000CC04B /* ReposViewController.m in Sources */,
				8BD7FB2E1B43F9BA000CC04B /* main.m in Sources */,
			);
			runOnlyForDeploymentPostprocessing = 0;
		};
		8BD7FB401B43F9BA000CC04B /* Sources */ = {
			isa = PBXSourcesBuildPhase;
			buildActionMask = 2147483647;
			files = (
				8BD7FB4B1B43F9BA000CC04B /* GitwheelTests.m in Sources */,
			);
			runOnlyForDeploymentPostprocessing = 0;
		};
/* End PBXSourcesBuildPhase section */

/* Begin PBXTargetDependency section */
		8BD7FB461B43F9BA000CC04B /* PBXTargetDependency */ = {
			isa = PBXTargetDependency;
			target = 8BD7FB271B43F9BA000CC04B /* Gitwheel */;
			targetProxy = 8BD7FB451B43F9BA000CC04B /* PBXContainerItemProxy */;
		};
/* End PBXTargetDependency section */

/* Begin PBXVariantGroup section */
		8BD7FB381B43F9BA000CC04B /* Main.storyboard */ = {
			isa = PBXVariantGroup;
			children = (
				8BD7FB391B43F9BA000CC04B /* Base */,
			);
			name = Main.storyboard;
			sourceTree = "<group>";
		};
		8BD7FB3D1B43F9BA000CC04B /* LaunchScreen.xib */ = {
			isa = PBXVariantGroup;
			children = (
				8BD7FB3E1B43F9BA000CC04B /* Base */,
			);
			name = LaunchScreen.xib;
			sourceTree = "<group>";
		};
/* End PBXVariantGroup section */

/* Begin XCBuildConfiguration section */
		8BD7FB4C1B43F9BA000CC04B /* Debug */ = {
			isa = XCBuildConfiguration;
			buildSettings = {
				ALWAYS_SEARCH_USER_PATHS = NO;
				CLANG_CXX_LANGUAGE_STANDARD = "gnu++0x";
				CLANG_CXX_LIBRARY = "libc++";
				CLANG_ENABLE_MODULES = YES;
				CLANG_ENABLE_OBJC_ARC = YES;
				CLANG_WARN_BOOL_CONVERSION = YES;
				CLANG_WARN_CONSTANT_CONVERSION = YES;
				CLANG_WARN_DIRECT_OBJC_ISA_USAGE = YES_ERROR;
				CLANG_WARN_EMPTY_BODY = YES;
				CLANG_WARN_ENUM_CONVERSION = YES;
				CLANG_WARN_INT_CONVERSION = YES;
				CLANG_WARN_OBJC_ROOT_CLASS = YES_ERROR;
				CLANG_WARN_UNREACHABLE_CODE = YES;
				CLANG_WARN__DUPLICATE_METHOD_MATCH = YES;
				"CODE_SIGN_IDENTITY[sdk=iphoneos*]" = "iPhone Developer";
				COPY_PHASE_STRIP = NO;
				DEBUG_INFORMATION_FORMAT = "dwarf-with-dsym";
				ENABLE_STRICT_OBJC_MSGSEND = YES;
				GCC_C_LANGUAGE_STANDARD = gnu99;
				GCC_DYNAMIC_NO_PIC = NO;
				GCC_NO_COMMON_BLOCKS = YES;
				GCC_OPTIMIZATION_LEVEL = 0;
				GCC_PREPROCESSOR_DEFINITIONS = (
					"DEBUG=1",
					"$(inherited)",
				);
				GCC_SYMBOLS_PRIVATE_EXTERN = NO;
				GCC_WARN_64_TO_32_BIT_CONVERSION = YES;
				GCC_WARN_ABOUT_RETURN_TYPE = YES_ERROR;
				GCC_WARN_UNDECLARED_SELECTOR = YES;
				GCC_WARN_UNINITIALIZED_AUTOS = YES_AGGRESSIVE;
				GCC_WARN_UNUSED_FUNCTION = YES;
				GCC_WARN_UNUSED_VARIABLE = YES;
				IPHONEOS_DEPLOYMENT_TARGET = 8.3;
				MTL_ENABLE_DEBUG_INFO = YES;
				ONLY_ACTIVE_ARCH = YES;
				SDKROOT = iphoneos;
			};
			name = Debug;
		};
		8BD7FB4D1B43F9BA000CC04B /* Release */ = {
			isa = XCBuildConfiguration;
			buildSettings = {
				ALWAYS_SEARCH_USER_PATHS = NO;
				CLANG_CXX_LANGUAGE_STANDARD = "gnu++0x";
				CLANG_CXX_LIBRARY = "libc++";
				CLANG_ENABLE_MODULES = YES;
				CLANG_ENABLE_OBJC_ARC = YES;
				CLANG_WARN_BOOL_CONVERSION = YES;
				CLANG_WARN_CONSTANT_CONVERSION = YES;
				CLANG_WARN_DIRECT_OBJC_ISA_USAGE = YES_ERROR;
				CLANG_WARN_EMPTY_BODY = YES;
				CLANG_WARN_ENUM_CONVERSION = YES;
				CLANG_WARN_INT_CONVERSION = YES;
				CLANG_WARN_OBJC_ROOT_CLASS = YES_ERROR;
				CLANG_WARN_UNREACHABLE_CODE = YES;
				CLANG_WARN__DUPLICATE_METHOD_MATCH = YES;
				"CODE_SIGN_IDENTITY[sdk=iphoneos*]" = "iPhone Developer";
				COPY_PHASE_STRIP = NO;
				DEBUG_INFORMATION_FORMAT = "dwarf-with-dsym";
				ENABLE_NS_ASSERTIONS = NO;
				ENABLE_STRICT_OBJC_MSGSEND = YES;
				GCC_C_LANGUAGE_STANDARD = gnu99;
				GCC_NO_COMMON_BLOCKS = YES;
				GCC_WARN_64_TO_32_BIT_CONVERSION = YES;
				GCC_WARN_ABOUT_RETURN_TYPE = YES_ERROR;
				GCC_WARN_UNDECLARED_SELECTOR = YES;
				GCC_WARN_UNINITIALIZED_AUTOS = YES_AGGRESSIVE;
				GCC_WARN_UNUSED_FUNCTION = YES;
				GCC_WARN_UNUSED_VARIABLE = YES;
				IPHONEOS_DEPLOYMENT_TARGET = 8.3;
				MTL_ENABLE_DEBUG_INFO = NO;
				SDKROOT = iphoneos;
				VALIDATE_PRODUCT = YES;
			};
			name = Release;
		};
		8BD7FB4F1B43F9BA000CC04B /* Debug */ = {
			isa = XCBuildConfiguration;
			buildSettings = {
				ASSETCATALOG_COMPILER_APPICON_NAME = AppIcon;
				INFOPLIST_FILE = Gitwheel/Info.plist;
				LD_RUNPATH_SEARCH_PATHS = "$(inherited) @executable_path/Frameworks";
				PRODUCT_NAME = "$(TARGET_NAME)";
			};
			name = Debug;
		};
		8BD7FB501B43F9BA000CC04B /* Release */ = {
			isa = XCBuildConfiguration;
			buildSettings = {
				ASSETCATALOG_COMPILER_APPICON_NAME = AppIcon;
				INFOPLIST_FILE = Gitwheel/Info.plist;
				LD_RUNPATH_SEARCH_PATHS = "$(inherited) @executable_path/Frameworks";
				PRODUCT_NAME = "$(TARGET_NAME)";
			};
			name = Release;
		};
		8BD7FB521B43F9BA000CC04B /* Debug */ = {
			isa = XCBuildConfiguration;
			buildSettings = {
				BUNDLE_LOADER = "$(TEST_HOST)";
				FRAMEWORK_SEARCH_PATHS = (
					"$(SDKROOT)/Developer/Library/Frameworks",
					"$(inherited)",
				);
				GCC_PREPROCESSOR_DEFINITIONS = (
					"DEBUG=1",
					"$(inherited)",
				);
				INFOPLIST_FILE = GitwheelTests/Info.plist;
				LD_RUNPATH_SEARCH_PATHS = "$(inherited) @executable_path/Frameworks @loader_path/Frameworks";
				PRODUCT_NAME = "$(TARGET_NAME)";
				TEST_HOST = "$(BUILT_PRODUCTS_DIR)/Gitwheel.app/Gitwheel";
			};
			name = Debug;
		};
		8BD7FB531B43F9BA000CC04B /* Release */ = {
			isa = XCBuildConfiguration;
			buildSettings = {
				BUNDLE_LOADER = "$(TEST_HOST)";
				FRAMEWORK_SEARCH_PATHS = (
					"$(SDKROOT)/Developer/Library/Frameworks",
					"$(inherited)",
				);
				INFOPLIST_FILE = GitwheelTests/Info.plist;
				LD_RUNPATH_SEARCH_PATHS = "$(inherited) @executable_path/Frameworks @loader_path/Frameworks";
				PRODUCT_NAME = "$(TARGET_NAME)";
				TEST_HOST = "$(BUILT_PRODUCTS_DIR)/Gitwheel.app/Gitwheel";
			};
			name = Release;
		};
/* End XCBuildConfiguration section */

/* Begin XCConfigurationList section */
		8BD7FB231B43F9BA000CC04B /* Build configuration list for PBXProject "Gitwheel" */ = {
			isa = XCConfigurationList;
			buildConfigurations = (
				8BD7FB4C1B43F9BA000CC04B /* Debug */,
				8BD7FB4D1B43F9BA000CC04B /* Release */,
			);
			defaultConfigurationIsVisible = 0;
			defaultConfigurationName = Release;
		};
		8BD7FB4E1B43F9BA000CC04B /* Build configuration list for PBXNativeTarget "Gitwheel" */ = {
			isa = XCConfigurationList;
			buildConfigurations = (
				8BD7FB4F1B43F9BA000CC04B /* Debug */,
				8BD7FB501B43F9BA000CC04B /* Release */,
			);
			defaultConfigurationIsVisible = 0;
			defaultConfigurationName = Release;
		};
		8BD7FB511B43F9BA000CC04B /* Build configuration list for PBXNativeTarget "GitwheelTests" */ = {
			isa = XCConfigurationList;
			buildConfigurations = (
				8BD7FB521B43F9BA000CC04B /* Debug */,
				8BD7FB531B43F9BA000CC04B /* Release */,
			);
			defaultConfigurationIsVisible = 0;
			defaultConfigurationName = Release;
		};
/* End XCConfigurationList section */
	};
	rootObject = 8BD7FB201B43F9BA000CC04B /* Project object */;
}
